
Microsoft Visual Studio Solution File, Format Version 12.00
# Visual Studio 15
VisualStudioVersion = 15.0.27004.2002
MinimumVisualStudioVersion = 10.0.40219.1
Project("{2150E333-8FDC-42A3-9474-1A3956D46DE8}") = "01 Kintamieji", "01 Kintamieji", "{1C2F032A-4BC5-4F56-9B5C-63AC6FB99C80}"
EndProject
Project("{2150E333-8FDC-42A3-9474-1A3956D46DE8}") = "02 Isvedimas", "02 Isvedimas", "{349DE67B-3C56-4640-ADF5-5730B13C4340}"
EndProject
Project("{2150E333-8FDC-42A3-9474-1A3956D46DE8}") = "03 Aritmetiniai veiksmai", "03 Aritmetiniai veiksmai", "{24E87D84-A914-4EAF-B1ED-4D5988D49F24}"
EndProject
Project("{2150E333-8FDC-42A3-9474-1A3956D46DE8}") = "04 Ivedimas", "04 Ivedimas", "{CC16E22A-BF5E-4CDE-B6CB-5ECA1B6E81D5}"
EndProject
Project("{FAE04EC0-301F-11D3-BF4B-00C04F79EFBC}") = "1-1 Uzduotis", "1-1 Uzduotis\1-1 Uzduotis.csproj", "{BFBF5A14-E311-452B-8046-B83B58D5B0AA}"
EndProject
Project("{FAE04EC0-301F-11D3-BF4B-00C04F79EFBC}") = "2-1 Uzduotis", "2-1 Uzduotis\2-1 Uzduotis.csproj", "{297D20DA-A6A5-47FF-A1D4-985DDB19A34C}"
EndProject
Project("{FAE04EC0-301F-11D3-BF4B-00C04F79EFBC}") = "2-2 Uzduotis", "2-2 Uzduotis\2-2 Uzduotis.csproj", "{F37DB32F-49C9-4E6E-B876-3EF4C65C63C9}"
EndProject
Project("{FAE04EC0-301F-11D3-BF4B-00C04F79EFBC}") = "2-3 Uzduotis", "2-3 Uzduotis\2-3 Uzduotis.csproj", "{7520C56E-ADF6-4A03-859C-36E13E419BFD}"
EndProject
Project("{FAE04EC0-301F-11D3-BF4B-00C04F79EFBC}") = "2-4 Uzduotis", "2-4 Uzduotis\2-4 Uzduotis.csproj", "{5F7D1C7A-45CA-418F-BBBE-1F1545479BDD}"
EndProject
Project("{FAE04EC0-301F-11D3-BF4B-00C04F79EFBC}") = "2-5 Uzduotis", "2-5 Uzduotis\2-5 Uzduotis.csproj", "{D0CB2305-27CE-48C2-BF19-53A4E90C1F70}"
EndProject
Project("{FAE04EC0-301F-11D3-BF4B-00C04F79EFBC}") = "2-6 uzduotis", "2-6 uzduotis\2-6 uzduotis.csproj", "{B5725DB0-8138-4E3A-8FFD-C6D1AE973A47}"
EndProject
Project("{FAE04EC0-301F-11D3-BF4B-00C04F79EFBC}") = "3-1 Uzduotis", "3-1 Uzduotis\3-1 Uzduotis.csproj", "{D3B064B0-4902-4FEA-BB31-8F206C377986}"
EndProject
Project("{FAE04EC0-301F-11D3-BF4B-00C04F79EFBC}") = "3-2 Uzdtuotis", "ConsoleApp1\3-2 Uzdtuotis.csproj", "{4193CED8-753C-4D7B-B2A8-6E39D3CF7987}"
EndProject
Project("{FAE04EC0-301F-11D3-BF4B-00C04F79EFBC}") = "3-3 uzduotis", "3-3 uzduotis\3-3 uzduotis.csproj", "{4BD5458D-AA0B-42C4-A871-A20EA06E5963}"
EndProject
Project("{FAE04EC0-301F-11D3-BF4B-00C04F79EFBC}") = "3-4 uzduotis", "3-4 uzduotis\3-4 uzduotis.csproj", "{216229A8-0CCF-4F0F-B236-EE0717B0AEC5}"
EndProject
Project("{FAE04EC0-301F-11D3-BF4B-00C04F79EFBC}") = "3-5 uzduotis", "3-5 uzduotis\3-5 uzduotis.csproj", "{EE6DE031-6026-4C06-B348-C164AB903C15}"
EndProject
Project("{FAE04EC0-301F-11D3-BF4B-00C04F79EFBC}") = "3-6 Uzduotis", "3-6 Uzduotis\3-6 Uzduotis.csproj", "{5328C565-60FE-4B69-8F38-21E00A45CF53}"
EndProject
Project("{FAE04EC0-301F-11D3-BF4B-00C04F79EFBC}") = "4-0 bandymai", "4-0 bandymai\4-0 bandymai.csproj", "{CD609E36-DA18-4809-91CC-FF0981B877E6}"
EndProject
Project("{FAE04EC0-301F-11D3-BF4B-00C04F79EFBC}") = "4-1 Uzduotis", "4-1 Uzduotis\4-1 Uzduotis.csproj", "{1D7D34FA-E6B5-4D97-A4DB-4F6E702287E3}"
EndProject
Project("{FAE04EC0-301F-11D3-BF4B-00C04F79EFBC}") = "4-2 Uzduotis", "4-2 Uzduotis\4-2 Uzduotis.csproj", "{4304687B-A6E0-4BC6-BC8C-2F30C37A82B6}"
EndProject
Project("{FAE04EC0-301F-11D3-BF4B-00C04F79EFBC}") = "4-3 Uzduotis", "4-3 Uzduotis\4-3 Uzduotis.csproj", "{225B58C2-77E7-452F-9AE1-115D1E32B427}"
EndProject
Project("{FAE04EC0-301F-11D3-BF4B-00C04F79EFBC}") = "4-4 Uzduotis", "4-4 Uzduotis\4-4 Uzduotis.csproj", "{8B48F177-50F5-48EC-8DBD-0A5FCA47650D}"
EndProject
Project("{FAE04EC0-301F-11D3-BF4B-00C04F79EFBC}") = "4-5 Uzduotis", "4-5 Uzduotis\4-5 Uzduotis.csproj", "{5CD43F40-7949-43B5-AF04-FA6CDE3EA7F9}"
EndProject
Project("{FAE04EC0-301F-11D3-BF4B-00C04F79EFBC}") = "4-6 Uzduotis", "4-6 Uzduotis\4-6 Uzduotis.csproj", "{B61BC7B7-0C48-4559-AEB6-47510F7C873C}"
EndProject
Project("{FAE04EC0-301F-11D3-BF4B-00C04F79EFBC}") = "4-7 Uzduotis", "4-7 Uzduotis\4-7 Uzduotis.csproj", "{EFA7A8F0-21FD-4412-862C-361C5D54001E}"
EndProject
Project("{2150E333-8FDC-42A3-9474-1A3956D46DE8}") = "05 IF Salyga", "05 IF Salyga", "{94BEE0AB-022E-489E-A185-FFD8D19F38CC}"
EndProject
Project("{FAE04EC0-301F-11D3-BF4B-00C04F79EFBC}") = "5-0 pavizdeliai", "5-0 pavizdeliai\5-0 pavizdeliai.csproj", "{4BC1A490-7CBF-46ED-B102-6FED62A530DE}"
EndProject
Project("{FAE04EC0-301F-11D3-BF4B-00C04F79EFBC}") = "5-1 Uzduotis", "5-1 Uzduotis\5-1 Uzduotis.csproj", "{E615D2EB-0CCE-4562-9C1A-AD0E95BEB870}"
EndProject
Project("{FAE04EC0-301F-11D3-BF4B-00C04F79EFBC}") = "5-2 Uzduotis", "5-2 Uzduotis\5-2 Uzduotis.csproj", "{AD20EE98-5604-4FC3-975E-4A4DF0521C34}"
EndProject
Project("{FAE04EC0-301F-11D3-BF4B-00C04F79EFBC}") = "5-3 Uzduotis", "5-3 Uzduotis\5-3 Uzduotis.csproj", "{A724F18A-4213-4BEB-B5D1-4E6567C12CAA}"
EndProject
Project("{FAE04EC0-301F-11D3-BF4B-00C04F79EFBC}") = "5-4 Uzduotis", "5-4 Uzduotis\5-4 Uzduotis.csproj", "{014CB512-6D07-4CCA-B78A-66C27D450302}"
EndProject
Project("{FAE04EC0-301F-11D3-BF4B-00C04F79EFBC}") = "5-5 Uzduotis", "5-5 Uzduotis\5-5 Uzduotis.csproj", "{4353FF31-564D-40C5-ADA1-79ABA615E40A}"
EndProject
Project("{FAE04EC0-301F-11D3-BF4B-00C04F79EFBC}") = "5-6 Uzduotis", "5-6 Uzduotis\5-6 Uzduotis.csproj", "{1AE5BA19-20E7-49FD-9173-E06C790A4874}"
EndProject
Project("{FAE04EC0-301F-11D3-BF4B-00C04F79EFBC}") = "5-7 Uzduotis", "5-7 Uzduotis\5-7 Uzduotis.csproj", "{BE4F4814-A69C-4DEE-B405-6DF46E3BFC6C}"
EndProject
Project("{FAE04EC0-301F-11D3-BF4B-00C04F79EFBC}") = "5-8 Uzduotis", "5-8 Uzduotis\5-8 Uzduotis.csproj", "{69A50119-9E5B-4500-9A9D-BCE7230DE141}"
EndProject
Project("{FAE04EC0-301F-11D3-BF4B-00C04F79EFBC}") = "5-9 Uzduotis", "5-9 Uzduotis\5-9 Uzduotis.csproj", "{A0E1D454-FEBF-4631-956C-F75A16CB7EBE}"
EndProject
Project("{2150E333-8FDC-42A3-9474-1A3956D46DE8}") = "06 Switch", "06 Switch", "{FF0784EF-139E-4081-94E8-3BC5966B323B}"
EndProject
Project("{FAE04EC0-301F-11D3-BF4B-00C04F79EFBC}") = "6-1 uzduotis", "6-1 uzduotis\6-1 uzduotis.csproj", "{4DF6B5CA-19BE-493D-B04C-11EB5D16AB0B}"
EndProject
Project("{FAE04EC0-301F-11D3-BF4B-00C04F79EFBC}") = "6-2 Uzduotis", "6-2 Uzduotis\6-2 Uzduotis.csproj", "{CC0306BC-B5D7-4B6F-95F9-98C5AF167C9A}"
EndProject
Project("{FAE04EC0-301F-11D3-BF4B-00C04F79EFBC}") = "6-3 uzduotis", "6-3 uzduotis\6-3 uzduotis.csproj", "{B1C8D092-9A9B-4FA3-8801-1A3EDD31B35A}"
EndProject
Project("{2150E333-8FDC-42A3-9474-1A3956D46DE8}") = "07 Ciklai", "07 Ciklai", "{95CF1990-014D-4CFB-BEA4-D36D9D389C19}"
EndProject
Project("{FAE04EC0-301F-11D3-BF4B-00C04F79EFBC}") = "7-1 uzduotis", "7-1 uzduotis\7-1 uzduotis.csproj", "{A451ECD9-89E6-47A2-85F5-870FCE272E5F}"
EndProject
Project("{FAE04EC0-301F-11D3-BF4B-00C04F79EFBC}") = "7-2 Uzduotis", "7-2 Uzduotis\7-2 Uzduotis.csproj", "{763D0DE2-5A01-4502-8A8F-9B581059D466}"
EndProject
Project("{FAE04EC0-301F-11D3-BF4B-00C04F79EFBC}") = "7-3 Uzduotis", "7-3 Uzduotis\7-3 Uzduotis.csproj", "{B20BB851-3425-4C08-8AB2-E10312E86510}"
EndProject
Project("{FAE04EC0-301F-11D3-BF4B-00C04F79EFBC}") = "7-4 uzduotis", "7-4 uzduotis\7-4 uzduotis.csproj", "{F0D45BFD-A478-4470-89ED-86E531D2AE71}"
EndProject
Project("{FAE04EC0-301F-11D3-BF4B-00C04F79EFBC}") = "7-5 Uzduotis", "7-5 Uzduotis\7-5 Uzduotis.csproj", "{37785037-A03D-4D44-995A-B9349DDF0D77}"
EndProject
Project("{FAE04EC0-301F-11D3-BF4B-00C04F79EFBC}") = "7-6 uzduotis", "7-6 uzduotis\7-6 uzduotis.csproj", "{927C0BE6-12BD-4794-8E9C-32CED76418B2}"
EndProject
Project("{FAE04EC0-301F-11D3-BF4B-00C04F79EFBC}") = "7-7 EXTRA uzduotis", "7-7 EXTRA uzduotis\7-7 EXTRA uzduotis.csproj", "{C3C0E3D6-21FE-4665-A6F2-78846653A0B9}"
EndProject
Project("{FAE04EC0-301F-11D3-BF4B-00C04F79EFBC}") = "EXTRRAAAAA", "EXTRRAAAAA\EXTRRAAAAA.csproj", "{D646E08F-1E12-424C-BAF0-CD9069E3CE66}"
EndProject
Project("{FAE04EC0-301F-11D3-BF4B-00C04F79EFBC}") = "7-8 Uzduotis", "7-8 Uzduotis\7-8 Uzduotis.csproj", "{0EDBD3A8-2DED-41B6-897B-8E7738E3797E}"
EndProject
Project("{FAE04EC0-301F-11D3-BF4B-00C04F79EFBC}") = "7-9 Uzduotis", "7-9 Uzduotis\7-9 Uzduotis.csproj", "{67419B2B-6229-461F-8B99-9ADBF6A693B9}"
EndProject
Project("{FAE04EC0-301F-11D3-BF4B-00C04F79EFBC}") = "7-10 Uzduotis", "7-10 Uzduotis\7-10 Uzduotis.csproj", "{4963CA7C-DA0A-45FA-A257-2ED740BCAA36}"
EndProject
Project("{FAE04EC0-301F-11D3-BF4B-00C04F79EFBC}") = "7-11 Uzduotis", "7-11 Uzduotis\7-11 Uzduotis.csproj", "{CDD8D647-54B4-4552-9619-3CCA04A4CE07}"
EndProject
Project("{FAE04EC0-301F-11D3-BF4B-00C04F79EFBC}") = "7-12 LB SUNKI", "7-12 Uzduotis\7-12 LB SUNKI.csproj", "{C440729E-A30F-478B-95D0-E2FAAB352E19}"
EndProject
Project("{2150E333-8FDC-42A3-9474-1A3956D46DE8}") = "08 While", "08 While", "{1BCD6C86-F209-4ACD-8A94-F46194AB05DB}"
EndProject
Project("{FAE04EC0-301F-11D3-BF4B-00C04F79EFBC}") = "8-1 uzduotis", "8-1 uzduotis\8-1 uzduotis.csproj", "{1A42C8AB-9848-40D6-875B-EBD092CF168D}"
EndProject
Project("{FAE04EC0-301F-11D3-BF4B-00C04F79EFBC}") = "8-2 Uzduotis", "8-2 Uzduotis\8-2 Uzduotis.csproj", "{713467EB-BF8D-4564-851A-B0E3558DB1F9}"
EndProject
Project("{FAE04EC0-301F-11D3-BF4B-00C04F79EFBC}") = "8-3 uzduotis", "8-3 uzduotis\8-3 uzduotis.csproj", "{7E0D42C1-B0C8-49F9-8C0C-A93D1701B9E6}"
EndProject
Project("{FAE04EC0-301F-11D3-BF4B-00C04F79EFBC}") = "8-4 Uzduotis", "8-4 Uzduotis\8-4 Uzduotis.csproj", "{69D370F6-A64B-45BF-BF29-5C8977867FDE}"
EndProject
Project("{FAE04EC0-301F-11D3-BF4B-00C04F79EFBC}") = "8-5 Uzduotis", "8-5 Uzduotis\8-5 Uzduotis.csproj", "{E968A69B-D72D-4B5F-90F7-0D075184715B}"
EndProject
Project("{FAE04EC0-301F-11D3-BF4B-00C04F79EFBC}") = "8-6 Random sudetinga", "8-6 PVZ\8-6 Random sudetinga.csproj", "{B60652A0-E218-4B72-B9CD-534CF941FF33}"
EndProject
Project("{FAE04EC0-301F-11D3-BF4B-00C04F79EFBC}") = "8-7 Uzduotis", "8-7 Uzduotis\8-7 Uzduotis.csproj", "{3DA9434E-F7F2-4186-9993-6797B08CC96D}"
EndProject
Project("{2150E333-8FDC-42A3-9474-1A3956D46DE8}") = "09 Sudetingi uzdaviniai", "09 Sudetingi uzdaviniai", "{F3EDFE2F-A798-47E6-9239-EA14B5A65D21}"
EndProject
Project("{FAE04EC0-301F-11D3-BF4B-00C04F79EFBC}") = "9-1 Uzduotis", "9-1 Uzduotis\9-1 Uzduotis.csproj", "{C91765E6-E6FF-435B-BA37-95BAA54E3517}"
EndProject
Project("{FAE04EC0-301F-11D3-BF4B-00C04F79EFBC}") = "9-2 Uzduotis", "9-2 Uzduotis\9-2 Uzduotis.csproj", "{38F07481-29CB-448B-A6A3-E8DE1E7A6E5A}"
EndProject
Project("{2150E333-8FDC-42A3-9474-1A3956D46DE8}") = "10 Masyvai", "10 Masyvai", "{B1EE70F0-FFDB-4644-B6C5-79C7BC426498}"
EndProject
Project("{FAE04EC0-301F-11D3-BF4B-00C04F79EFBC}") = "10-0 PVZ", "10-0 PVZ\10-0 PVZ.csproj", "{7809E120-2BA2-469E-A0B6-5F17F1568ACD}"
EndProject
Project("{FAE04EC0-301F-11D3-BF4B-00C04F79EFBC}") = "10-1 Uzduotis", "10-1 Uzduotis\10-1 Uzduotis.csproj", "{401F807E-A207-426B-827D-200A7A06D2BB}"
EndProject
Project("{FAE04EC0-301F-11D3-BF4B-00C04F79EFBC}") = "10-2 Uzduotis", "10-2 Uzduotis\10-2 Uzduotis.csproj", "{56878014-20AD-48FB-A11F-5581C32B4A42}"
EndProject
Project("{FAE04EC0-301F-11D3-BF4B-00C04F79EFBC}") = "10-3 Uzduotis", "10-3 Uzduotis\10-3 Uzduotis.csproj", "{CDCCC485-3D05-4AFF-B102-3A8914108330}"
EndProject
Project("{FAE04EC0-301F-11D3-BF4B-00C04F79EFBC}") = "10-4 Uzduotis", "10-4 Uzduotis\10-4 Uzduotis.csproj", "{F6590911-62C9-4719-AE6E-AB513300C0B5}"
EndProject
Project("{FAE04EC0-301F-11D3-BF4B-00C04F79EFBC}") = "10-5 Uzduotis", "10-5 Uzduotis\10-5 Uzduotis.csproj", "{139BB007-1999-4004-B84C-525696548D41}"
EndProject
Project("{FAE04EC0-301F-11D3-BF4B-00C04F79EFBC}") = "10-6 Uzduotis", "10-6 Uzduotis\10-6 Uzduotis.csproj", "{C784A1B0-CBDD-4495-906D-AB3008F43224}"
EndProject
Project("{FAE04EC0-301F-11D3-BF4B-00C04F79EFBC}") = "10-7 Uzduotis", "10-7 Uzduotis\10-7 Uzduotis.csproj", "{D80FD4A2-37C1-4A06-A1CF-BBCED055A558}"
EndProject
Project("{FAE04EC0-301F-11D3-BF4B-00C04F79EFBC}") = "10-8 Uzduotis", "10-8 Uzduotis\10-8 Uzduotis.csproj", "{03F25B35-CC1F-4457-9707-CAC23FBD1B68}"
EndProject
Project("{FAE04EC0-301F-11D3-BF4B-00C04F79EFBC}") = "10-9 Uzduotis", "10-9 Uzduotis\10-9 Uzduotis.csproj", "{CDC4B7B5-DA63-4526-BD59-FAD16937C97A}"
EndProject
Project("{2150E333-8FDC-42A3-9474-1A3956D46DE8}") = "11 Sarasas", "11 Sarasas", "{DB16A616-579F-49EE-AA82-2F85AFA2B2BD}"
EndProject
Project("{FAE04EC0-301F-11D3-BF4B-00C04F79EFBC}") = "11-0 PVZ", "11-0 PVZ\11-0 PVZ.csproj", "{1E1ACC9B-1F28-428A-8FA7-BC74557010F7}"
EndProject
Project("{FAE04EC0-301F-11D3-BF4B-00C04F79EFBC}") = "11-1 Uzduotis", "11-1 Uzduotis\11-1 Uzduotis.csproj", "{FDCF193D-0FAF-41A1-AB2E-186DB6E933F5}"
EndProject
Project("{FAE04EC0-301F-11D3-BF4B-00C04F79EFBC}") = "11-2 Uzduotis", "11-2 Uzduotis\11-2 Uzduotis.csproj", "{E23EAEED-7479-417A-92FB-782186109860}"
EndProject
Project("{FAE04EC0-301F-11D3-BF4B-00C04F79EFBC}") = "11-3 Uzduotis", "11-3 Uzduotis\11-3 Uzduotis.csproj", "{B2B7E338-22A8-4170-9BF5-7B6C22D5CB83}"
EndProject
Project("{2150E333-8FDC-42A3-9474-1A3956D46DE8}") = "12 Metodai", "12 Metodai", "{206F27F1-F6DB-481C-8449-840CE4474DEC}"
EndProject
Project("{FAE04EC0-301F-11D3-BF4B-00C04F79EFBC}") = "12-0 Pvz", "12-0 Pvz\12-0 Pvz.csproj", "{A309BBD1-103C-46C1-8883-52C405DE3764}"
EndProject
Project("{FAE04EC0-301F-11D3-BF4B-00C04F79EFBC}") = "12-1 Uzduotis", "12-1 Uzduotis\12-1 Uzduotis.csproj", "{9EA54EFB-B209-47C5-840E-9139C14DFC6F}"
EndProject
Project("{FAE04EC0-301F-11D3-BF4B-00C04F79EFBC}") = "12-2 Pvz ir uzduotis mhm", "12-2 Pvz ir uzduotis mhm\12-2 Pvz ir uzduotis mhm.csproj", "{BC4BF7E4-EEA4-4B6D-A422-028E8E5E26F3}"
EndProject
Project("{FAE04EC0-301F-11D3-BF4B-00C04F79EFBC}") = "12-3 Sugalvotas", "12-3 Sugalvotas\12-3 Sugalvotas.csproj", "{E4765A1F-AA94-435A-B95E-4DD302FE807F}"
EndProject
Project("{2150E333-8FDC-42A3-9474-1A3956D46DE8}") = "13 Klases", "13 Klases", "{DF83C96A-25E4-4031-8D8D-75A912942636}"
EndProject
Project("{FAE04EC0-301F-11D3-BF4B-00C04F79EFBC}") = "13-0 PVZ", "13-0 PVZ\13-0 PVZ.csproj", "{9920D130-6EB0-4C9A-AB19-BF4815BF8701}"
EndProject
Global
	GlobalSection(SolutionConfigurationPlatforms) = preSolution
		Debug|Any CPU = Debug|Any CPU
		Release|Any CPU = Release|Any CPU
	EndGlobalSection
	GlobalSection(ProjectConfigurationPlatforms) = postSolution
		{BFBF5A14-E311-452B-8046-B83B58D5B0AA}.Debug|Any CPU.ActiveCfg = Debug|Any CPU
		{BFBF5A14-E311-452B-8046-B83B58D5B0AA}.Debug|Any CPU.Build.0 = Debug|Any CPU
		{BFBF5A14-E311-452B-8046-B83B58D5B0AA}.Release|Any CPU.ActiveCfg = Release|Any CPU
		{BFBF5A14-E311-452B-8046-B83B58D5B0AA}.Release|Any CPU.Build.0 = Release|Any CPU
		{297D20DA-A6A5-47FF-A1D4-985DDB19A34C}.Debug|Any CPU.ActiveCfg = Debug|Any CPU
		{297D20DA-A6A5-47FF-A1D4-985DDB19A34C}.Debug|Any CPU.Build.0 = Debug|Any CPU
		{297D20DA-A6A5-47FF-A1D4-985DDB19A34C}.Release|Any CPU.ActiveCfg = Release|Any CPU
		{297D20DA-A6A5-47FF-A1D4-985DDB19A34C}.Release|Any CPU.Build.0 = Release|Any CPU
		{F37DB32F-49C9-4E6E-B876-3EF4C65C63C9}.Debug|Any CPU.ActiveCfg = Debug|Any CPU
		{F37DB32F-49C9-4E6E-B876-3EF4C65C63C9}.Debug|Any CPU.Build.0 = Debug|Any CPU
		{F37DB32F-49C9-4E6E-B876-3EF4C65C63C9}.Release|Any CPU.ActiveCfg = Release|Any CPU
		{F37DB32F-49C9-4E6E-B876-3EF4C65C63C9}.Release|Any CPU.Build.0 = Release|Any CPU
		{7520C56E-ADF6-4A03-859C-36E13E419BFD}.Debug|Any CPU.ActiveCfg = Debug|Any CPU
		{7520C56E-ADF6-4A03-859C-36E13E419BFD}.Debug|Any CPU.Build.0 = Debug|Any CPU
		{7520C56E-ADF6-4A03-859C-36E13E419BFD}.Release|Any CPU.ActiveCfg = Release|Any CPU
		{7520C56E-ADF6-4A03-859C-36E13E419BFD}.Release|Any CPU.Build.0 = Release|Any CPU
		{5F7D1C7A-45CA-418F-BBBE-1F1545479BDD}.Debug|Any CPU.ActiveCfg = Debug|Any CPU
		{5F7D1C7A-45CA-418F-BBBE-1F1545479BDD}.Debug|Any CPU.Build.0 = Debug|Any CPU
		{5F7D1C7A-45CA-418F-BBBE-1F1545479BDD}.Release|Any CPU.ActiveCfg = Release|Any CPU
		{5F7D1C7A-45CA-418F-BBBE-1F1545479BDD}.Release|Any CPU.Build.0 = Release|Any CPU
		{D0CB2305-27CE-48C2-BF19-53A4E90C1F70}.Debug|Any CPU.ActiveCfg = Debug|Any CPU
		{D0CB2305-27CE-48C2-BF19-53A4E90C1F70}.Debug|Any CPU.Build.0 = Debug|Any CPU
		{D0CB2305-27CE-48C2-BF19-53A4E90C1F70}.Release|Any CPU.ActiveCfg = Release|Any CPU
		{D0CB2305-27CE-48C2-BF19-53A4E90C1F70}.Release|Any CPU.Build.0 = Release|Any CPU
		{B5725DB0-8138-4E3A-8FFD-C6D1AE973A47}.Debug|Any CPU.ActiveCfg = Debug|Any CPU
		{B5725DB0-8138-4E3A-8FFD-C6D1AE973A47}.Debug|Any CPU.Build.0 = Debug|Any CPU
		{B5725DB0-8138-4E3A-8FFD-C6D1AE973A47}.Release|Any CPU.ActiveCfg = Release|Any CPU
		{B5725DB0-8138-4E3A-8FFD-C6D1AE973A47}.Release|Any CPU.Build.0 = Release|Any CPU
		{D3B064B0-4902-4FEA-BB31-8F206C377986}.Debug|Any CPU.ActiveCfg = Debug|Any CPU
		{D3B064B0-4902-4FEA-BB31-8F206C377986}.Debug|Any CPU.Build.0 = Debug|Any CPU
		{D3B064B0-4902-4FEA-BB31-8F206C377986}.Release|Any CPU.ActiveCfg = Release|Any CPU
		{D3B064B0-4902-4FEA-BB31-8F206C377986}.Release|Any CPU.Build.0 = Release|Any CPU
		{4193CED8-753C-4D7B-B2A8-6E39D3CF7987}.Debug|Any CPU.ActiveCfg = Debug|Any CPU
		{4193CED8-753C-4D7B-B2A8-6E39D3CF7987}.Debug|Any CPU.Build.0 = Debug|Any CPU
		{4193CED8-753C-4D7B-B2A8-6E39D3CF7987}.Release|Any CPU.ActiveCfg = Release|Any CPU
		{4193CED8-753C-4D7B-B2A8-6E39D3CF7987}.Release|Any CPU.Build.0 = Release|Any CPU
		{4BD5458D-AA0B-42C4-A871-A20EA06E5963}.Debug|Any CPU.ActiveCfg = Debug|Any CPU
		{4BD5458D-AA0B-42C4-A871-A20EA06E5963}.Debug|Any CPU.Build.0 = Debug|Any CPU
		{4BD5458D-AA0B-42C4-A871-A20EA06E5963}.Release|Any CPU.ActiveCfg = Release|Any CPU
		{4BD5458D-AA0B-42C4-A871-A20EA06E5963}.Release|Any CPU.Build.0 = Release|Any CPU
		{216229A8-0CCF-4F0F-B236-EE0717B0AEC5}.Debug|Any CPU.ActiveCfg = Debug|Any CPU
		{216229A8-0CCF-4F0F-B236-EE0717B0AEC5}.Debug|Any CPU.Build.0 = Debug|Any CPU
		{216229A8-0CCF-4F0F-B236-EE0717B0AEC5}.Release|Any CPU.ActiveCfg = Release|Any CPU
		{216229A8-0CCF-4F0F-B236-EE0717B0AEC5}.Release|Any CPU.Build.0 = Release|Any CPU
		{EE6DE031-6026-4C06-B348-C164AB903C15}.Debug|Any CPU.ActiveCfg = Debug|Any CPU
		{EE6DE031-6026-4C06-B348-C164AB903C15}.Debug|Any CPU.Build.0 = Debug|Any CPU
		{EE6DE031-6026-4C06-B348-C164AB903C15}.Release|Any CPU.ActiveCfg = Release|Any CPU
		{EE6DE031-6026-4C06-B348-C164AB903C15}.Release|Any CPU.Build.0 = Release|Any CPU
		{5328C565-60FE-4B69-8F38-21E00A45CF53}.Debug|Any CPU.ActiveCfg = Debug|Any CPU
		{5328C565-60FE-4B69-8F38-21E00A45CF53}.Debug|Any CPU.Build.0 = Debug|Any CPU
		{5328C565-60FE-4B69-8F38-21E00A45CF53}.Release|Any CPU.ActiveCfg = Release|Any CPU
		{5328C565-60FE-4B69-8F38-21E00A45CF53}.Release|Any CPU.Build.0 = Release|Any CPU
		{CD609E36-DA18-4809-91CC-FF0981B877E6}.Debug|Any CPU.ActiveCfg = Debug|Any CPU
		{CD609E36-DA18-4809-91CC-FF0981B877E6}.Debug|Any CPU.Build.0 = Debug|Any CPU
		{CD609E36-DA18-4809-91CC-FF0981B877E6}.Release|Any CPU.ActiveCfg = Release|Any CPU
		{CD609E36-DA18-4809-91CC-FF0981B877E6}.Release|Any CPU.Build.0 = Release|Any CPU
		{1D7D34FA-E6B5-4D97-A4DB-4F6E702287E3}.Debug|Any CPU.ActiveCfg = Debug|Any CPU
		{1D7D34FA-E6B5-4D97-A4DB-4F6E702287E3}.Debug|Any CPU.Build.0 = Debug|Any CPU
		{1D7D34FA-E6B5-4D97-A4DB-4F6E702287E3}.Release|Any CPU.ActiveCfg = Release|Any CPU
		{1D7D34FA-E6B5-4D97-A4DB-4F6E702287E3}.Release|Any CPU.Build.0 = Release|Any CPU
		{4304687B-A6E0-4BC6-BC8C-2F30C37A82B6}.Debug|Any CPU.ActiveCfg = Debug|Any CPU
		{4304687B-A6E0-4BC6-BC8C-2F30C37A82B6}.Debug|Any CPU.Build.0 = Debug|Any CPU
		{4304687B-A6E0-4BC6-BC8C-2F30C37A82B6}.Release|Any CPU.ActiveCfg = Release|Any CPU
		{4304687B-A6E0-4BC6-BC8C-2F30C37A82B6}.Release|Any CPU.Build.0 = Release|Any CPU
		{225B58C2-77E7-452F-9AE1-115D1E32B427}.Debug|Any CPU.ActiveCfg = Debug|Any CPU
		{225B58C2-77E7-452F-9AE1-115D1E32B427}.Debug|Any CPU.Build.0 = Debug|Any CPU
		{225B58C2-77E7-452F-9AE1-115D1E32B427}.Release|Any CPU.ActiveCfg = Release|Any CPU
		{225B58C2-77E7-452F-9AE1-115D1E32B427}.Release|Any CPU.Build.0 = Release|Any CPU
		{8B48F177-50F5-48EC-8DBD-0A5FCA47650D}.Debug|Any CPU.ActiveCfg = Debug|Any CPU
		{8B48F177-50F5-48EC-8DBD-0A5FCA47650D}.Debug|Any CPU.Build.0 = Debug|Any CPU
		{8B48F177-50F5-48EC-8DBD-0A5FCA47650D}.Release|Any CPU.ActiveCfg = Release|Any CPU
		{8B48F177-50F5-48EC-8DBD-0A5FCA47650D}.Release|Any CPU.Build.0 = Release|Any CPU
		{5CD43F40-7949-43B5-AF04-FA6CDE3EA7F9}.Debug|Any CPU.ActiveCfg = Debug|Any CPU
		{5CD43F40-7949-43B5-AF04-FA6CDE3EA7F9}.Debug|Any CPU.Build.0 = Debug|Any CPU
		{5CD43F40-7949-43B5-AF04-FA6CDE3EA7F9}.Release|Any CPU.ActiveCfg = Release|Any CPU
		{5CD43F40-7949-43B5-AF04-FA6CDE3EA7F9}.Release|Any CPU.Build.0 = Release|Any CPU
		{B61BC7B7-0C48-4559-AEB6-47510F7C873C}.Debug|Any CPU.ActiveCfg = Debug|Any CPU
		{B61BC7B7-0C48-4559-AEB6-47510F7C873C}.Debug|Any CPU.Build.0 = Debug|Any CPU
		{B61BC7B7-0C48-4559-AEB6-47510F7C873C}.Release|Any CPU.ActiveCfg = Release|Any CPU
		{B61BC7B7-0C48-4559-AEB6-47510F7C873C}.Release|Any CPU.Build.0 = Release|Any CPU
		{EFA7A8F0-21FD-4412-862C-361C5D54001E}.Debug|Any CPU.ActiveCfg = Debug|Any CPU
		{EFA7A8F0-21FD-4412-862C-361C5D54001E}.Debug|Any CPU.Build.0 = Debug|Any CPU
		{EFA7A8F0-21FD-4412-862C-361C5D54001E}.Release|Any CPU.ActiveCfg = Release|Any CPU
		{EFA7A8F0-21FD-4412-862C-361C5D54001E}.Release|Any CPU.Build.0 = Release|Any CPU
		{4BC1A490-7CBF-46ED-B102-6FED62A530DE}.Debug|Any CPU.ActiveCfg = Debug|Any CPU
		{4BC1A490-7CBF-46ED-B102-6FED62A530DE}.Debug|Any CPU.Build.0 = Debug|Any CPU
		{4BC1A490-7CBF-46ED-B102-6FED62A530DE}.Release|Any CPU.ActiveCfg = Release|Any CPU
		{4BC1A490-7CBF-46ED-B102-6FED62A530DE}.Release|Any CPU.Build.0 = Release|Any CPU
		{E615D2EB-0CCE-4562-9C1A-AD0E95BEB870}.Debug|Any CPU.ActiveCfg = Debug|Any CPU
		{E615D2EB-0CCE-4562-9C1A-AD0E95BEB870}.Debug|Any CPU.Build.0 = Debug|Any CPU
		{E615D2EB-0CCE-4562-9C1A-AD0E95BEB870}.Release|Any CPU.ActiveCfg = Release|Any CPU
		{E615D2EB-0CCE-4562-9C1A-AD0E95BEB870}.Release|Any CPU.Build.0 = Release|Any CPU
		{AD20EE98-5604-4FC3-975E-4A4DF0521C34}.Debug|Any CPU.ActiveCfg = Debug|Any CPU
		{AD20EE98-5604-4FC3-975E-4A4DF0521C34}.Debug|Any CPU.Build.0 = Debug|Any CPU
		{AD20EE98-5604-4FC3-975E-4A4DF0521C34}.Release|Any CPU.ActiveCfg = Release|Any CPU
		{AD20EE98-5604-4FC3-975E-4A4DF0521C34}.Release|Any CPU.Build.0 = Release|Any CPU
		{A724F18A-4213-4BEB-B5D1-4E6567C12CAA}.Debug|Any CPU.ActiveCfg = Debug|Any CPU
		{A724F18A-4213-4BEB-B5D1-4E6567C12CAA}.Debug|Any CPU.Build.0 = Debug|Any CPU
		{A724F18A-4213-4BEB-B5D1-4E6567C12CAA}.Release|Any CPU.ActiveCfg = Release|Any CPU
		{A724F18A-4213-4BEB-B5D1-4E6567C12CAA}.Release|Any CPU.Build.0 = Release|Any CPU
		{014CB512-6D07-4CCA-B78A-66C27D450302}.Debug|Any CPU.ActiveCfg = Debug|Any CPU
		{014CB512-6D07-4CCA-B78A-66C27D450302}.Debug|Any CPU.Build.0 = Debug|Any CPU
		{014CB512-6D07-4CCA-B78A-66C27D450302}.Release|Any CPU.ActiveCfg = Release|Any CPU
		{014CB512-6D07-4CCA-B78A-66C27D450302}.Release|Any CPU.Build.0 = Release|Any CPU
		{4353FF31-564D-40C5-ADA1-79ABA615E40A}.Debug|Any CPU.ActiveCfg = Debug|Any CPU
		{4353FF31-564D-40C5-ADA1-79ABA615E40A}.Debug|Any CPU.Build.0 = Debug|Any CPU
		{4353FF31-564D-40C5-ADA1-79ABA615E40A}.Release|Any CPU.ActiveCfg = Release|Any CPU
		{4353FF31-564D-40C5-ADA1-79ABA615E40A}.Release|Any CPU.Build.0 = Release|Any CPU
		{1AE5BA19-20E7-49FD-9173-E06C790A4874}.Debug|Any CPU.ActiveCfg = Debug|Any CPU
		{1AE5BA19-20E7-49FD-9173-E06C790A4874}.Debug|Any CPU.Build.0 = Debug|Any CPU
		{1AE5BA19-20E7-49FD-9173-E06C790A4874}.Release|Any CPU.ActiveCfg = Release|Any CPU
		{1AE5BA19-20E7-49FD-9173-E06C790A4874}.Release|Any CPU.Build.0 = Release|Any CPU
		{BE4F4814-A69C-4DEE-B405-6DF46E3BFC6C}.Debug|Any CPU.ActiveCfg = Debug|Any CPU
		{BE4F4814-A69C-4DEE-B405-6DF46E3BFC6C}.Debug|Any CPU.Build.0 = Debug|Any CPU
		{BE4F4814-A69C-4DEE-B405-6DF46E3BFC6C}.Release|Any CPU.ActiveCfg = Release|Any CPU
		{BE4F4814-A69C-4DEE-B405-6DF46E3BFC6C}.Release|Any CPU.Build.0 = Release|Any CPU
		{69A50119-9E5B-4500-9A9D-BCE7230DE141}.Debug|Any CPU.ActiveCfg = Debug|Any CPU
		{69A50119-9E5B-4500-9A9D-BCE7230DE141}.Debug|Any CPU.Build.0 = Debug|Any CPU
		{69A50119-9E5B-4500-9A9D-BCE7230DE141}.Release|Any CPU.ActiveCfg = Release|Any CPU
		{69A50119-9E5B-4500-9A9D-BCE7230DE141}.Release|Any CPU.Build.0 = Release|Any CPU
		{A0E1D454-FEBF-4631-956C-F75A16CB7EBE}.Debug|Any CPU.ActiveCfg = Debug|Any CPU
		{A0E1D454-FEBF-4631-956C-F75A16CB7EBE}.Debug|Any CPU.Build.0 = Debug|Any CPU
		{A0E1D454-FEBF-4631-956C-F75A16CB7EBE}.Release|Any CPU.ActiveCfg = Release|Any CPU
		{A0E1D454-FEBF-4631-956C-F75A16CB7EBE}.Release|Any CPU.Build.0 = Release|Any CPU
		{4DF6B5CA-19BE-493D-B04C-11EB5D16AB0B}.Debug|Any CPU.ActiveCfg = Debug|Any CPU
		{4DF6B5CA-19BE-493D-B04C-11EB5D16AB0B}.Debug|Any CPU.Build.0 = Debug|Any CPU
		{4DF6B5CA-19BE-493D-B04C-11EB5D16AB0B}.Release|Any CPU.ActiveCfg = Release|Any CPU
		{4DF6B5CA-19BE-493D-B04C-11EB5D16AB0B}.Release|Any CPU.Build.0 = Release|Any CPU
		{CC0306BC-B5D7-4B6F-95F9-98C5AF167C9A}.Debug|Any CPU.ActiveCfg = Debug|Any CPU
		{CC0306BC-B5D7-4B6F-95F9-98C5AF167C9A}.Debug|Any CPU.Build.0 = Debug|Any CPU
		{CC0306BC-B5D7-4B6F-95F9-98C5AF167C9A}.Release|Any CPU.ActiveCfg = Release|Any CPU
		{CC0306BC-B5D7-4B6F-95F9-98C5AF167C9A}.Release|Any CPU.Build.0 = Release|Any CPU
		{B1C8D092-9A9B-4FA3-8801-1A3EDD31B35A}.Debug|Any CPU.ActiveCfg = Debug|Any CPU
		{B1C8D092-9A9B-4FA3-8801-1A3EDD31B35A}.Debug|Any CPU.Build.0 = Debug|Any CPU
		{B1C8D092-9A9B-4FA3-8801-1A3EDD31B35A}.Release|Any CPU.ActiveCfg = Release|Any CPU
		{B1C8D092-9A9B-4FA3-8801-1A3EDD31B35A}.Release|Any CPU.Build.0 = Release|Any CPU
		{A451ECD9-89E6-47A2-85F5-870FCE272E5F}.Debug|Any CPU.ActiveCfg = Debug|Any CPU
		{A451ECD9-89E6-47A2-85F5-870FCE272E5F}.Debug|Any CPU.Build.0 = Debug|Any CPU
		{A451ECD9-89E6-47A2-85F5-870FCE272E5F}.Release|Any CPU.ActiveCfg = Release|Any CPU
		{A451ECD9-89E6-47A2-85F5-870FCE272E5F}.Release|Any CPU.Build.0 = Release|Any CPU
		{763D0DE2-5A01-4502-8A8F-9B581059D466}.Debug|Any CPU.ActiveCfg = Debug|Any CPU
		{763D0DE2-5A01-4502-8A8F-9B581059D466}.Debug|Any CPU.Build.0 = Debug|Any CPU
		{763D0DE2-5A01-4502-8A8F-9B581059D466}.Release|Any CPU.ActiveCfg = Release|Any CPU
		{763D0DE2-5A01-4502-8A8F-9B581059D466}.Release|Any CPU.Build.0 = Release|Any CPU
		{B20BB851-3425-4C08-8AB2-E10312E86510}.Debug|Any CPU.ActiveCfg = Debug|Any CPU
		{B20BB851-3425-4C08-8AB2-E10312E86510}.Debug|Any CPU.Build.0 = Debug|Any CPU
		{B20BB851-3425-4C08-8AB2-E10312E86510}.Release|Any CPU.ActiveCfg = Release|Any CPU
		{B20BB851-3425-4C08-8AB2-E10312E86510}.Release|Any CPU.Build.0 = Release|Any CPU
		{F0D45BFD-A478-4470-89ED-86E531D2AE71}.Debug|Any CPU.ActiveCfg = Debug|Any CPU
		{F0D45BFD-A478-4470-89ED-86E531D2AE71}.Debug|Any CPU.Build.0 = Debug|Any CPU
		{F0D45BFD-A478-4470-89ED-86E531D2AE71}.Release|Any CPU.ActiveCfg = Release|Any CPU
		{F0D45BFD-A478-4470-89ED-86E531D2AE71}.Release|Any CPU.Build.0 = Release|Any CPU
		{37785037-A03D-4D44-995A-B9349DDF0D77}.Debug|Any CPU.ActiveCfg = Debug|Any CPU
		{37785037-A03D-4D44-995A-B9349DDF0D77}.Debug|Any CPU.Build.0 = Debug|Any CPU
		{37785037-A03D-4D44-995A-B9349DDF0D77}.Release|Any CPU.ActiveCfg = Release|Any CPU
		{37785037-A03D-4D44-995A-B9349DDF0D77}.Release|Any CPU.Build.0 = Release|Any CPU
		{927C0BE6-12BD-4794-8E9C-32CED76418B2}.Debug|Any CPU.ActiveCfg = Debug|Any CPU
		{927C0BE6-12BD-4794-8E9C-32CED76418B2}.Debug|Any CPU.Build.0 = Debug|Any CPU
		{927C0BE6-12BD-4794-8E9C-32CED76418B2}.Release|Any CPU.ActiveCfg = Release|Any CPU
		{927C0BE6-12BD-4794-8E9C-32CED76418B2}.Release|Any CPU.Build.0 = Release|Any CPU
		{C3C0E3D6-21FE-4665-A6F2-78846653A0B9}.Debug|Any CPU.ActiveCfg = Debug|Any CPU
		{C3C0E3D6-21FE-4665-A6F2-78846653A0B9}.Debug|Any CPU.Build.0 = Debug|Any CPU
		{C3C0E3D6-21FE-4665-A6F2-78846653A0B9}.Release|Any CPU.ActiveCfg = Release|Any CPU
		{C3C0E3D6-21FE-4665-A6F2-78846653A0B9}.Release|Any CPU.Build.0 = Release|Any CPU
		{D646E08F-1E12-424C-BAF0-CD9069E3CE66}.Debug|Any CPU.ActiveCfg = Debug|Any CPU
		{D646E08F-1E12-424C-BAF0-CD9069E3CE66}.Debug|Any CPU.Build.0 = Debug|Any CPU
		{D646E08F-1E12-424C-BAF0-CD9069E3CE66}.Release|Any CPU.ActiveCfg = Release|Any CPU
		{D646E08F-1E12-424C-BAF0-CD9069E3CE66}.Release|Any CPU.Build.0 = Release|Any CPU
		{0EDBD3A8-2DED-41B6-897B-8E7738E3797E}.Debug|Any CPU.ActiveCfg = Debug|Any CPU
		{0EDBD3A8-2DED-41B6-897B-8E7738E3797E}.Debug|Any CPU.Build.0 = Debug|Any CPU
		{0EDBD3A8-2DED-41B6-897B-8E7738E3797E}.Release|Any CPU.ActiveCfg = Release|Any CPU
		{0EDBD3A8-2DED-41B6-897B-8E7738E3797E}.Release|Any CPU.Build.0 = Release|Any CPU
		{67419B2B-6229-461F-8B99-9ADBF6A693B9}.Debug|Any CPU.ActiveCfg = Debug|Any CPU
		{67419B2B-6229-461F-8B99-9ADBF6A693B9}.Debug|Any CPU.Build.0 = Debug|Any CPU
		{67419B2B-6229-461F-8B99-9ADBF6A693B9}.Release|Any CPU.ActiveCfg = Release|Any CPU
		{67419B2B-6229-461F-8B99-9ADBF6A693B9}.Release|Any CPU.Build.0 = Release|Any CPU
		{4963CA7C-DA0A-45FA-A257-2ED740BCAA36}.Debug|Any CPU.ActiveCfg = Debug|Any CPU
		{4963CA7C-DA0A-45FA-A257-2ED740BCAA36}.Debug|Any CPU.Build.0 = Debug|Any CPU
		{4963CA7C-DA0A-45FA-A257-2ED740BCAA36}.Release|Any CPU.ActiveCfg = Release|Any CPU
		{4963CA7C-DA0A-45FA-A257-2ED740BCAA36}.Release|Any CPU.Build.0 = Release|Any CPU
		{CDD8D647-54B4-4552-9619-3CCA04A4CE07}.Debug|Any CPU.ActiveCfg = Debug|Any CPU
		{CDD8D647-54B4-4552-9619-3CCA04A4CE07}.Debug|Any CPU.Build.0 = Debug|Any CPU
		{CDD8D647-54B4-4552-9619-3CCA04A4CE07}.Release|Any CPU.ActiveCfg = Release|Any CPU
		{CDD8D647-54B4-4552-9619-3CCA04A4CE07}.Release|Any CPU.Build.0 = Release|Any CPU
		{C440729E-A30F-478B-95D0-E2FAAB352E19}.Debug|Any CPU.ActiveCfg = Debug|Any CPU
		{C440729E-A30F-478B-95D0-E2FAAB352E19}.Debug|Any CPU.Build.0 = Debug|Any CPU
		{C440729E-A30F-478B-95D0-E2FAAB352E19}.Release|Any CPU.ActiveCfg = Release|Any CPU
		{C440729E-A30F-478B-95D0-E2FAAB352E19}.Release|Any CPU.Build.0 = Release|Any CPU
		{1A42C8AB-9848-40D6-875B-EBD092CF168D}.Debug|Any CPU.ActiveCfg = Debug|Any CPU
		{1A42C8AB-9848-40D6-875B-EBD092CF168D}.Debug|Any CPU.Build.0 = Debug|Any CPU
		{1A42C8AB-9848-40D6-875B-EBD092CF168D}.Release|Any CPU.ActiveCfg = Release|Any CPU
		{1A42C8AB-9848-40D6-875B-EBD092CF168D}.Release|Any CPU.Build.0 = Release|Any CPU
		{713467EB-BF8D-4564-851A-B0E3558DB1F9}.Debug|Any CPU.ActiveCfg = Debug|Any CPU
		{713467EB-BF8D-4564-851A-B0E3558DB1F9}.Debug|Any CPU.Build.0 = Debug|Any CPU
		{713467EB-BF8D-4564-851A-B0E3558DB1F9}.Release|Any CPU.ActiveCfg = Release|Any CPU
		{713467EB-BF8D-4564-851A-B0E3558DB1F9}.Release|Any CPU.Build.0 = Release|Any CPU
		{7E0D42C1-B0C8-49F9-8C0C-A93D1701B9E6}.Debug|Any CPU.ActiveCfg = Debug|Any CPU
		{7E0D42C1-B0C8-49F9-8C0C-A93D1701B9E6}.Debug|Any CPU.Build.0 = Debug|Any CPU
		{7E0D42C1-B0C8-49F9-8C0C-A93D1701B9E6}.Release|Any CPU.ActiveCfg = Release|Any CPU
		{7E0D42C1-B0C8-49F9-8C0C-A93D1701B9E6}.Release|Any CPU.Build.0 = Release|Any CPU
		{69D370F6-A64B-45BF-BF29-5C8977867FDE}.Debug|Any CPU.ActiveCfg = Debug|Any CPU
		{69D370F6-A64B-45BF-BF29-5C8977867FDE}.Debug|Any CPU.Build.0 = Debug|Any CPU
		{69D370F6-A64B-45BF-BF29-5C8977867FDE}.Release|Any CPU.ActiveCfg = Release|Any CPU
		{69D370F6-A64B-45BF-BF29-5C8977867FDE}.Release|Any CPU.Build.0 = Release|Any CPU
		{E968A69B-D72D-4B5F-90F7-0D075184715B}.Debug|Any CPU.ActiveCfg = Debug|Any CPU
		{E968A69B-D72D-4B5F-90F7-0D075184715B}.Debug|Any CPU.Build.0 = Debug|Any CPU
		{E968A69B-D72D-4B5F-90F7-0D075184715B}.Release|Any CPU.ActiveCfg = Release|Any CPU
		{E968A69B-D72D-4B5F-90F7-0D075184715B}.Release|Any CPU.Build.0 = Release|Any CPU
		{B60652A0-E218-4B72-B9CD-534CF941FF33}.Debug|Any CPU.ActiveCfg = Debug|Any CPU
		{B60652A0-E218-4B72-B9CD-534CF941FF33}.Debug|Any CPU.Build.0 = Debug|Any CPU
		{B60652A0-E218-4B72-B9CD-534CF941FF33}.Release|Any CPU.ActiveCfg = Release|Any CPU
		{B60652A0-E218-4B72-B9CD-534CF941FF33}.Release|Any CPU.Build.0 = Release|Any CPU
		{3DA9434E-F7F2-4186-9993-6797B08CC96D}.Debug|Any CPU.ActiveCfg = Debug|Any CPU
		{3DA9434E-F7F2-4186-9993-6797B08CC96D}.Debug|Any CPU.Build.0 = Debug|Any CPU
		{3DA9434E-F7F2-4186-9993-6797B08CC96D}.Release|Any CPU.ActiveCfg = Release|Any CPU
		{3DA9434E-F7F2-4186-9993-6797B08CC96D}.Release|Any CPU.Build.0 = Release|Any CPU
		{C91765E6-E6FF-435B-BA37-95BAA54E3517}.Debug|Any CPU.ActiveCfg = Debug|Any CPU
		{C91765E6-E6FF-435B-BA37-95BAA54E3517}.Debug|Any CPU.Build.0 = Debug|Any CPU
		{C91765E6-E6FF-435B-BA37-95BAA54E3517}.Release|Any CPU.ActiveCfg = Release|Any CPU
		{C91765E6-E6FF-435B-BA37-95BAA54E3517}.Release|Any CPU.Build.0 = Release|Any CPU
		{38F07481-29CB-448B-A6A3-E8DE1E7A6E5A}.Debug|Any CPU.ActiveCfg = Debug|Any CPU
		{38F07481-29CB-448B-A6A3-E8DE1E7A6E5A}.Debug|Any CPU.Build.0 = Debug|Any CPU
		{38F07481-29CB-448B-A6A3-E8DE1E7A6E5A}.Release|Any CPU.ActiveCfg = Release|Any CPU
		{38F07481-29CB-448B-A6A3-E8DE1E7A6E5A}.Release|Any CPU.Build.0 = Release|Any CPU
		{7809E120-2BA2-469E-A0B6-5F17F1568ACD}.Debug|Any CPU.ActiveCfg = Debug|Any CPU
		{7809E120-2BA2-469E-A0B6-5F17F1568ACD}.Debug|Any CPU.Build.0 = Debug|Any CPU
		{7809E120-2BA2-469E-A0B6-5F17F1568ACD}.Release|Any CPU.ActiveCfg = Release|Any CPU
		{7809E120-2BA2-469E-A0B6-5F17F1568ACD}.Release|Any CPU.Build.0 = Release|Any CPU
		{401F807E-A207-426B-827D-200A7A06D2BB}.Debug|Any CPU.ActiveCfg = Debug|Any CPU
		{401F807E-A207-426B-827D-200A7A06D2BB}.Debug|Any CPU.Build.0 = Debug|Any CPU
		{401F807E-A207-426B-827D-200A7A06D2BB}.Release|Any CPU.ActiveCfg = Release|Any CPU
		{401F807E-A207-426B-827D-200A7A06D2BB}.Release|Any CPU.Build.0 = Release|Any CPU
		{56878014-20AD-48FB-A11F-5581C32B4A42}.Debug|Any CPU.ActiveCfg = Debug|Any CPU
		{56878014-20AD-48FB-A11F-5581C32B4A42}.Debug|Any CPU.Build.0 = Debug|Any CPU
		{56878014-20AD-48FB-A11F-5581C32B4A42}.Release|Any CPU.ActiveCfg = Release|Any CPU
		{56878014-20AD-48FB-A11F-5581C32B4A42}.Release|Any CPU.Build.0 = Release|Any CPU
		{CDCCC485-3D05-4AFF-B102-3A8914108330}.Debug|Any CPU.ActiveCfg = Debug|Any CPU
		{CDCCC485-3D05-4AFF-B102-3A8914108330}.Debug|Any CPU.Build.0 = Debug|Any CPU
		{CDCCC485-3D05-4AFF-B102-3A8914108330}.Release|Any CPU.ActiveCfg = Release|Any CPU
		{CDCCC485-3D05-4AFF-B102-3A8914108330}.Release|Any CPU.Build.0 = Release|Any CPU
		{F6590911-62C9-4719-AE6E-AB513300C0B5}.Debug|Any CPU.ActiveCfg = Debug|Any CPU
		{F6590911-62C9-4719-AE6E-AB513300C0B5}.Debug|Any CPU.Build.0 = Debug|Any CPU
		{F6590911-62C9-4719-AE6E-AB513300C0B5}.Release|Any CPU.ActiveCfg = Release|Any CPU
		{F6590911-62C9-4719-AE6E-AB513300C0B5}.Release|Any CPU.Build.0 = Release|Any CPU
		{139BB007-1999-4004-B84C-525696548D41}.Debug|Any CPU.ActiveCfg = Debug|Any CPU
		{139BB007-1999-4004-B84C-525696548D41}.Debug|Any CPU.Build.0 = Debug|Any CPU
		{139BB007-1999-4004-B84C-525696548D41}.Release|Any CPU.ActiveCfg = Release|Any CPU
		{139BB007-1999-4004-B84C-525696548D41}.Release|Any CPU.Build.0 = Release|Any CPU
		{C784A1B0-CBDD-4495-906D-AB3008F43224}.Debug|Any CPU.ActiveCfg = Debug|Any CPU
		{C784A1B0-CBDD-4495-906D-AB3008F43224}.Debug|Any CPU.Build.0 = Debug|Any CPU
		{C784A1B0-CBDD-4495-906D-AB3008F43224}.Release|Any CPU.ActiveCfg = Release|Any CPU
		{C784A1B0-CBDD-4495-906D-AB3008F43224}.Release|Any CPU.Build.0 = Release|Any CPU
		{D80FD4A2-37C1-4A06-A1CF-BBCED055A558}.Debug|Any CPU.ActiveCfg = Debug|Any CPU
		{D80FD4A2-37C1-4A06-A1CF-BBCED055A558}.Debug|Any CPU.Build.0 = Debug|Any CPU
		{D80FD4A2-37C1-4A06-A1CF-BBCED055A558}.Release|Any CPU.ActiveCfg = Release|Any CPU
		{D80FD4A2-37C1-4A06-A1CF-BBCED055A558}.Release|Any CPU.Build.0 = Release|Any CPU
		{03F25B35-CC1F-4457-9707-CAC23FBD1B68}.Debug|Any CPU.ActiveCfg = Debug|Any CPU
		{03F25B35-CC1F-4457-9707-CAC23FBD1B68}.Debug|Any CPU.Build.0 = Debug|Any CPU
		{03F25B35-CC1F-4457-9707-CAC23FBD1B68}.Release|Any CPU.ActiveCfg = Release|Any CPU
		{03F25B35-CC1F-4457-9707-CAC23FBD1B68}.Release|Any CPU.Build.0 = Release|Any CPU
		{CDC4B7B5-DA63-4526-BD59-FAD16937C97A}.Debug|Any CPU.ActiveCfg = Debug|Any CPU
		{CDC4B7B5-DA63-4526-BD59-FAD16937C97A}.Debug|Any CPU.Build.0 = Debug|Any CPU
		{CDC4B7B5-DA63-4526-BD59-FAD16937C97A}.Release|Any CPU.ActiveCfg = Release|Any CPU
		{CDC4B7B5-DA63-4526-BD59-FAD16937C97A}.Release|Any CPU.Build.0 = Release|Any CPU
		{1E1ACC9B-1F28-428A-8FA7-BC74557010F7}.Debug|Any CPU.ActiveCfg = Debug|Any CPU
		{1E1ACC9B-1F28-428A-8FA7-BC74557010F7}.Debug|Any CPU.Build.0 = Debug|Any CPU
		{1E1ACC9B-1F28-428A-8FA7-BC74557010F7}.Release|Any CPU.ActiveCfg = Release|Any CPU
		{1E1ACC9B-1F28-428A-8FA7-BC74557010F7}.Release|Any CPU.Build.0 = Release|Any CPU
		{FDCF193D-0FAF-41A1-AB2E-186DB6E933F5}.Debug|Any CPU.ActiveCfg = Debug|Any CPU
		{FDCF193D-0FAF-41A1-AB2E-186DB6E933F5}.Debug|Any CPU.Build.0 = Debug|Any CPU
		{FDCF193D-0FAF-41A1-AB2E-186DB6E933F5}.Release|Any CPU.ActiveCfg = Release|Any CPU
		{FDCF193D-0FAF-41A1-AB2E-186DB6E933F5}.Release|Any CPU.Build.0 = Release|Any CPU
		{E23EAEED-7479-417A-92FB-782186109860}.Debug|Any CPU.ActiveCfg = Debug|Any CPU
		{E23EAEED-7479-417A-92FB-782186109860}.Debug|Any CPU.Build.0 = Debug|Any CPU
		{E23EAEED-7479-417A-92FB-782186109860}.Release|Any CPU.ActiveCfg = Release|Any CPU
		{E23EAEED-7479-417A-92FB-782186109860}.Release|Any CPU.Build.0 = Release|Any CPU
		{B2B7E338-22A8-4170-9BF5-7B6C22D5CB83}.Debug|Any CPU.ActiveCfg = Debug|Any CPU
		{B2B7E338-22A8-4170-9BF5-7B6C22D5CB83}.Debug|Any CPU.Build.0 = Debug|Any CPU
		{B2B7E338-22A8-4170-9BF5-7B6C22D5CB83}.Release|Any CPU.ActiveCfg = Release|Any CPU
		{B2B7E338-22A8-4170-9BF5-7B6C22D5CB83}.Release|Any CPU.Build.0 = Release|Any CPU
		{A309BBD1-103C-46C1-8883-52C405DE3764}.Debug|Any CPU.ActiveCfg = Debug|Any CPU
		{A309BBD1-103C-46C1-8883-52C405DE3764}.Debug|Any CPU.Build.0 = Debug|Any CPU
		{A309BBD1-103C-46C1-8883-52C405DE3764}.Release|Any CPU.ActiveCfg = Release|Any CPU
		{A309BBD1-103C-46C1-8883-52C405DE3764}.Release|Any CPU.Build.0 = Release|Any CPU
		{9EA54EFB-B209-47C5-840E-9139C14DFC6F}.Debug|Any CPU.ActiveCfg = Debug|Any CPU
		{9EA54EFB-B209-47C5-840E-9139C14DFC6F}.Debug|Any CPU.Build.0 = Debug|Any CPU
		{9EA54EFB-B209-47C5-840E-9139C14DFC6F}.Release|Any CPU.ActiveCfg = Release|Any CPU
		{9EA54EFB-B209-47C5-840E-9139C14DFC6F}.Release|Any CPU.Build.0 = Release|Any CPU
		{BC4BF7E4-EEA4-4B6D-A422-028E8E5E26F3}.Debug|Any CPU.ActiveCfg = Debug|Any CPU
		{BC4BF7E4-EEA4-4B6D-A422-028E8E5E26F3}.Debug|Any CPU.Build.0 = Debug|Any CPU
		{BC4BF7E4-EEA4-4B6D-A422-028E8E5E26F3}.Release|Any CPU.ActiveCfg = Release|Any CPU
		{BC4BF7E4-EEA4-4B6D-A422-028E8E5E26F3}.Release|Any CPU.Build.0 = Release|Any CPU
		{E4765A1F-AA94-435A-B95E-4DD302FE807F}.Debug|Any CPU.ActiveCfg = Debug|Any CPU
		{E4765A1F-AA94-435A-B95E-4DD302FE807F}.Debug|Any CPU.Build.0 = Debug|Any CPU
		{E4765A1F-AA94-435A-B95E-4DD302FE807F}.Release|Any CPU.ActiveCfg = Release|Any CPU
		{E4765A1F-AA94-435A-B95E-4DD302FE807F}.Release|Any CPU.Build.0 = Release|Any CPU
		{9920D130-6EB0-4C9A-AB19-BF4815BF8701}.Debug|Any CPU.ActiveCfg = Debug|Any CPU
		{9920D130-6EB0-4C9A-AB19-BF4815BF8701}.Debug|Any CPU.Build.0 = Debug|Any CPU
		{9920D130-6EB0-4C9A-AB19-BF4815BF8701}.Release|Any CPU.ActiveCfg = Release|Any CPU
		{9920D130-6EB0-4C9A-AB19-BF4815BF8701}.Release|Any CPU.Build.0 = Release|Any CPU
	EndGlobalSection
	GlobalSection(SolutionProperties) = preSolution
		HideSolutionNode = FALSE
	EndGlobalSection
	GlobalSection(NestedProjects) = preSolution
		{BFBF5A14-E311-452B-8046-B83B58D5B0AA} = {1C2F032A-4BC5-4F56-9B5C-63AC6FB99C80}
		{297D20DA-A6A5-47FF-A1D4-985DDB19A34C} = {349DE67B-3C56-4640-ADF5-5730B13C4340}
		{F37DB32F-49C9-4E6E-B876-3EF4C65C63C9} = {349DE67B-3C56-4640-ADF5-5730B13C4340}
		{7520C56E-ADF6-4A03-859C-36E13E419BFD} = {349DE67B-3C56-4640-ADF5-5730B13C4340}
		{5F7D1C7A-45CA-418F-BBBE-1F1545479BDD} = {349DE67B-3C56-4640-ADF5-5730B13C4340}
		{D0CB2305-27CE-48C2-BF19-53A4E90C1F70} = {349DE67B-3C56-4640-ADF5-5730B13C4340}
		{B5725DB0-8138-4E3A-8FFD-C6D1AE973A47} = {349DE67B-3C56-4640-ADF5-5730B13C4340}
		{D3B064B0-4902-4FEA-BB31-8F206C377986} = {24E87D84-A914-4EAF-B1ED-4D5988D49F24}
		{4193CED8-753C-4D7B-B2A8-6E39D3CF7987} = {24E87D84-A914-4EAF-B1ED-4D5988D49F24}
		{4BD5458D-AA0B-42C4-A871-A20EA06E5963} = {24E87D84-A914-4EAF-B1ED-4D5988D49F24}
		{216229A8-0CCF-4F0F-B236-EE0717B0AEC5} = {24E87D84-A914-4EAF-B1ED-4D5988D49F24}
		{EE6DE031-6026-4C06-B348-C164AB903C15} = {24E87D84-A914-4EAF-B1ED-4D5988D49F24}
		{5328C565-60FE-4B69-8F38-21E00A45CF53} = {24E87D84-A914-4EAF-B1ED-4D5988D49F24}
		{CD609E36-DA18-4809-91CC-FF0981B877E6} = {CC16E22A-BF5E-4CDE-B6CB-5ECA1B6E81D5}
		{1D7D34FA-E6B5-4D97-A4DB-4F6E702287E3} = {CC16E22A-BF5E-4CDE-B6CB-5ECA1B6E81D5}
		{4304687B-A6E0-4BC6-BC8C-2F30C37A82B6} = {CC16E22A-BF5E-4CDE-B6CB-5ECA1B6E81D5}
		{225B58C2-77E7-452F-9AE1-115D1E32B427} = {CC16E22A-BF5E-4CDE-B6CB-5ECA1B6E81D5}
		{8B48F177-50F5-48EC-8DBD-0A5FCA47650D} = {CC16E22A-BF5E-4CDE-B6CB-5ECA1B6E81D5}
		{5CD43F40-7949-43B5-AF04-FA6CDE3EA7F9} = {CC16E22A-BF5E-4CDE-B6CB-5ECA1B6E81D5}
		{B61BC7B7-0C48-4559-AEB6-47510F7C873C} = {CC16E22A-BF5E-4CDE-B6CB-5ECA1B6E81D5}
		{EFA7A8F0-21FD-4412-862C-361C5D54001E} = {CC16E22A-BF5E-4CDE-B6CB-5ECA1B6E81D5}
		{4BC1A490-7CBF-46ED-B102-6FED62A530DE} = {94BEE0AB-022E-489E-A185-FFD8D19F38CC}
		{E615D2EB-0CCE-4562-9C1A-AD0E95BEB870} = {94BEE0AB-022E-489E-A185-FFD8D19F38CC}
		{AD20EE98-5604-4FC3-975E-4A4DF0521C34} = {94BEE0AB-022E-489E-A185-FFD8D19F38CC}
		{A724F18A-4213-4BEB-B5D1-4E6567C12CAA} = {94BEE0AB-022E-489E-A185-FFD8D19F38CC}
		{014CB512-6D07-4CCA-B78A-66C27D450302} = {94BEE0AB-022E-489E-A185-FFD8D19F38CC}
		{4353FF31-564D-40C5-ADA1-79ABA615E40A} = {94BEE0AB-022E-489E-A185-FFD8D19F38CC}
		{1AE5BA19-20E7-49FD-9173-E06C790A4874} = {94BEE0AB-022E-489E-A185-FFD8D19F38CC}
		{BE4F4814-A69C-4DEE-B405-6DF46E3BFC6C} = {94BEE0AB-022E-489E-A185-FFD8D19F38CC}
		{69A50119-9E5B-4500-9A9D-BCE7230DE141} = {94BEE0AB-022E-489E-A185-FFD8D19F38CC}
		{A0E1D454-FEBF-4631-956C-F75A16CB7EBE} = {94BEE0AB-022E-489E-A185-FFD8D19F38CC}
		{4DF6B5CA-19BE-493D-B04C-11EB5D16AB0B} = {FF0784EF-139E-4081-94E8-3BC5966B323B}
		{CC0306BC-B5D7-4B6F-95F9-98C5AF167C9A} = {FF0784EF-139E-4081-94E8-3BC5966B323B}
		{B1C8D092-9A9B-4FA3-8801-1A3EDD31B35A} = {FF0784EF-139E-4081-94E8-3BC5966B323B}
		{A451ECD9-89E6-47A2-85F5-870FCE272E5F} = {95CF1990-014D-4CFB-BEA4-D36D9D389C19}
		{763D0DE2-5A01-4502-8A8F-9B581059D466} = {95CF1990-014D-4CFB-BEA4-D36D9D389C19}
		{B20BB851-3425-4C08-8AB2-E10312E86510} = {95CF1990-014D-4CFB-BEA4-D36D9D389C19}
		{F0D45BFD-A478-4470-89ED-86E531D2AE71} = {95CF1990-014D-4CFB-BEA4-D36D9D389C19}
		{37785037-A03D-4D44-995A-B9349DDF0D77} = {95CF1990-014D-4CFB-BEA4-D36D9D389C19}
		{927C0BE6-12BD-4794-8E9C-32CED76418B2} = {95CF1990-014D-4CFB-BEA4-D36D9D389C19}
		{C3C0E3D6-21FE-4665-A6F2-78846653A0B9} = {95CF1990-014D-4CFB-BEA4-D36D9D389C19}
		{D646E08F-1E12-424C-BAF0-CD9069E3CE66} = {95CF1990-014D-4CFB-BEA4-D36D9D389C19}
		{0EDBD3A8-2DED-41B6-897B-8E7738E3797E} = {95CF1990-014D-4CFB-BEA4-D36D9D389C19}
		{67419B2B-6229-461F-8B99-9ADBF6A693B9} = {95CF1990-014D-4CFB-BEA4-D36D9D389C19}
		{4963CA7C-DA0A-45FA-A257-2ED740BCAA36} = {95CF1990-014D-4CFB-BEA4-D36D9D389C19}
		{CDD8D647-54B4-4552-9619-3CCA04A4CE07} = {95CF1990-014D-4CFB-BEA4-D36D9D389C19}
		{C440729E-A30F-478B-95D0-E2FAAB352E19} = {95CF1990-014D-4CFB-BEA4-D36D9D389C19}
		{1A42C8AB-9848-40D6-875B-EBD092CF168D} = {1BCD6C86-F209-4ACD-8A94-F46194AB05DB}
		{713467EB-BF8D-4564-851A-B0E3558DB1F9} = {1BCD6C86-F209-4ACD-8A94-F46194AB05DB}
		{7E0D42C1-B0C8-49F9-8C0C-A93D1701B9E6} = {1BCD6C86-F209-4ACD-8A94-F46194AB05DB}
		{69D370F6-A64B-45BF-BF29-5C8977867FDE} = {1BCD6C86-F209-4ACD-8A94-F46194AB05DB}
		{E968A69B-D72D-4B5F-90F7-0D075184715B} = {1BCD6C86-F209-4ACD-8A94-F46194AB05DB}
		{B60652A0-E218-4B72-B9CD-534CF941FF33} = {1BCD6C86-F209-4ACD-8A94-F46194AB05DB}
		{3DA9434E-F7F2-4186-9993-6797B08CC96D} = {1BCD6C86-F209-4ACD-8A94-F46194AB05DB}
		{C91765E6-E6FF-435B-BA37-95BAA54E3517} = {F3EDFE2F-A798-47E6-9239-EA14B5A65D21}
		{38F07481-29CB-448B-A6A3-E8DE1E7A6E5A} = {F3EDFE2F-A798-47E6-9239-EA14B5A65D21}
		{7809E120-2BA2-469E-A0B6-5F17F1568ACD} = {B1EE70F0-FFDB-4644-B6C5-79C7BC426498}
		{401F807E-A207-426B-827D-200A7A06D2BB} = {B1EE70F0-FFDB-4644-B6C5-79C7BC426498}
		{56878014-20AD-48FB-A11F-5581C32B4A42} = {B1EE70F0-FFDB-4644-B6C5-79C7BC426498}
		{CDCCC485-3D05-4AFF-B102-3A8914108330} = {B1EE70F0-FFDB-4644-B6C5-79C7BC426498}
		{F6590911-62C9-4719-AE6E-AB513300C0B5} = {B1EE70F0-FFDB-4644-B6C5-79C7BC426498}
		{139BB007-1999-4004-B84C-525696548D41} = {B1EE70F0-FFDB-4644-B6C5-79C7BC426498}
		{C784A1B0-CBDD-4495-906D-AB3008F43224} = {B1EE70F0-FFDB-4644-B6C5-79C7BC426498}
		{D80FD4A2-37C1-4A06-A1CF-BBCED055A558} = {B1EE70F0-FFDB-4644-B6C5-79C7BC426498}
		{03F25B35-CC1F-4457-9707-CAC23FBD1B68} = {B1EE70F0-FFDB-4644-B6C5-79C7BC426498}
		{CDC4B7B5-DA63-4526-BD59-FAD16937C97A} = {B1EE70F0-FFDB-4644-B6C5-79C7BC426498}
		{1E1ACC9B-1F28-428A-8FA7-BC74557010F7} = {DB16A616-579F-49EE-AA82-2F85AFA2B2BD}
		{FDCF193D-0FAF-41A1-AB2E-186DB6E933F5} = {DB16A616-579F-49EE-AA82-2F85AFA2B2BD}
		{E23EAEED-7479-417A-92FB-782186109860} = {DB16A616-579F-49EE-AA82-2F85AFA2B2BD}
		{B2B7E338-22A8-4170-9BF5-7B6C22D5CB83} = {DB16A616-579F-49EE-AA82-2F85AFA2B2BD}
		{A309BBD1-103C-46C1-8883-52C405DE3764} = {206F27F1-F6DB-481C-8449-840CE4474DEC}
		{9EA54EFB-B209-47C5-840E-9139C14DFC6F} = {206F27F1-F6DB-481C-8449-840CE4474DEC}
		{BC4BF7E4-EEA4-4B6D-A422-028E8E5E26F3} = {206F27F1-F6DB-481C-8449-840CE4474DEC}
		{E4765A1F-AA94-435A-B95E-4DD302FE807F} = {206F27F1-F6DB-481C-8449-840CE4474DEC}
		{9920D130-6EB0-4C9A-AB19-BF4815BF8701} = {DF83C96A-25E4-4031-8D8D-75A912942636}
	EndGlobalSection
	GlobalSection(ExtensibilityGlobals) = postSolution
		SolutionGuid = {37F607DD-8021-4A26-87AF-4A7BEAA4B248}
	EndGlobalSection
EndGlobal
